hash: e9ba438e8bb11efe217f78083f8a65c132c6fe6d39d240b834b4cd71fcd8da1d
updated: 2016-09-29T19:23:39.387949515Z
imports:
- name: github.com/arschles/assert
  version: fc2da9844984ce5093111298174706e14d4c0c47
- name: github.com/arschles/testsrv
  version: 1ca51fb1a3b6e612411883cf1c9dbc58319b1d5b
- name: github.com/blang/semver
  version: 60ec3488bfea7cca02b021d106d9911120d25fe9
- name: github.com/cloudfoundry-incubator/candiedyaml
  version: 99c3df83b51532e3615f851d8c2dbb638f5313bf
- name: github.com/davecgh/go-spew
  version: 6d212800a42e8ab5c146b8ace3490ee17e5225f9
  subpackages:
  - spew
- name: github.com/deis/k8s-claimer
  version: e6151d1ed5f290ab7b61c51be95b28c3657f26a4
  subpackages:
  - api
  - client
  - htp
  - k8s
- name: github.com/emicklei/go-restful
  version: 3d66f886316ac990eb502aaa89ea38546420b8b7
  subpackages:
  - log
  - swagger
- name: github.com/ghodss/yaml
  version: aa0c862057666179de291b67d9f093d12b5a8473
- name: github.com/gogo/protobuf
  version: 89f1976ff373a3e549675d2f212c10f98b6c6316
  subpackages:
  - proto
  - sortkeys
- name: github.com/golang/glog
  version: 23def4e6c14b4da8ac2ed8007337bc5eb5007998
- name: github.com/golang/protobuf
  version: f0a097ddac24fb00e07d2ac17f8671423f3ea47c
  subpackages:
  - proto
  - ptypes/any
  - ptypes/timestamp
- name: github.com/google/gofuzz
  version: fd52762d25a41827db7ef64c43756fd4b9f7e382
- name: github.com/gorilla/context
  version: 08b5f424b9271eedf6f9f0ce86cb9396ed337a42
- name: github.com/gorilla/mux
  version: 757bef944d0f21880861c2dd9c871ca543023cba
- name: github.com/imdario/mergo
  version: 50d4dbd4eb0e84778abe37cefef140271d96fade
- name: github.com/juju/ansiterm
  version: b99631de12cf04a906c1d4e4ec54fb86eae5863d
  subpackages:
  - tabwriter
- name: github.com/juju/loggo
  version: 3b7ece48644d35850f4ced4c2cbc2cf8413f58e0
- name: github.com/juju/ratelimit
  version: 77ed1c8a01217656d2080ad51981f6e99adaa177
- name: github.com/kelseyhightower/envconfig
  version: 13674b2d056fb658a00ba3f36e78043ced07c924
- name: github.com/lunixbochs/vtclean
  version: 4fbf7632a2c6d3fbdb9931439bdbbeded02cbe36
- name: github.com/mattn/go-colorable
  version: 5da554b8d30ea210af19ee14a058919661bf0d04
- name: github.com/mattn/go-isatty
  version: 66b8e73f3f5cda9f96b69efd03dd3d7fc4a5cdb8
- name: github.com/pborman/uuid
  version: b984ec7fa9ff9e428bd0cf0abf429384dfbe3e37
- name: github.com/spf13/pflag
  version: 367864438f1b1a3c7db4da06a2f55b144e6784e0
- name: github.com/technosophos/moniker
  version: 9f956786b91d9786ca11aa5be6104542fa911546
- name: github.com/ugorji/go
  version: faddd6128c66c4708f45fdc007f575f75e592a3c
  subpackages:
  - codec
- name: golang.org/x/net
  version: fb93926129b8ec0056f2f458b1f519654814edf0
  subpackages:
  - context
  - http2
  - http2/hpack
  - internal/timeseries
  - trace
- name: google.golang.org/grpc
  version: dec33edc378cf4971a2741cfd86ed70a644d6ba3
  subpackages:
  - codes
  - credentials
  - grpclog
  - internal
  - metadata
  - naming
  - peer
  - transport
- name: gopkg.in/inf.v0
  version: 3887ee99ecf07df5b447e9b00d9c0b2adaa9f3e4
- name: k8s.io/client-go
  version: 93fcd402979cfad8a7151f96e016416947c6a3cb
  subpackages:
  - "1.4"
  - 1.4/discovery
  - 1.4/kubernetes
  - 1.4/kubernetes/typed/authorization/v1beta1
  - 1.4/kubernetes/typed/autoscaling/v1
  - 1.4/kubernetes/typed/batch/v1
  - 1.4/kubernetes/typed/core/v1
  - 1.4/kubernetes/typed/extensions/v1beta1
  - 1.4/kubernetes/typed/policy/v1alpha1
  - 1.4/pkg/api
  - 1.4/pkg/api/endpoints
  - 1.4/pkg/api/errors
  - 1.4/pkg/api/install
  - 1.4/pkg/api/meta
  - 1.4/pkg/api/meta/metatypes
  - 1.4/pkg/api/pod
  - 1.4/pkg/api/resource
  - 1.4/pkg/api/service
  - 1.4/pkg/api/unversioned
  - 1.4/pkg/api/unversioned/validation
  - 1.4/pkg/api/util
  - 1.4/pkg/api/v1
  - 1.4/pkg/api/validation
  - 1.4/pkg/apimachinery
  - 1.4/pkg/apimachinery/registered
  - 1.4/pkg/apis/authorization
  - 1.4/pkg/apis/authorization/install
  - 1.4/pkg/apis/authorization/v1beta1
  - 1.4/pkg/apis/autoscaling
  - 1.4/pkg/apis/autoscaling/install
  - 1.4/pkg/apis/autoscaling/v1
  - 1.4/pkg/apis/batch
  - 1.4/pkg/apis/batch/install
  - 1.4/pkg/apis/batch/v1
  - 1.4/pkg/apis/batch/v2alpha1
  - 1.4/pkg/apis/extensions
  - 1.4/pkg/apis/extensions/install
  - 1.4/pkg/apis/extensions/v1beta1
  - 1.4/pkg/apis/policy
  - 1.4/pkg/apis/policy/install
  - 1.4/pkg/apis/policy/v1alpha1
  - 1.4/pkg/auth/user
  - 1.4/pkg/capabilities
  - 1.4/pkg/conversion
  - 1.4/pkg/conversion/queryparams
  - 1.4/pkg/fields
  - 1.4/pkg/labels
  - 1.4/pkg/runtime
  - 1.4/pkg/runtime/serializer
  - 1.4/pkg/runtime/serializer/json
  - 1.4/pkg/runtime/serializer/protobuf
  - 1.4/pkg/runtime/serializer/recognizer
  - 1.4/pkg/runtime/serializer/streaming
  - 1.4/pkg/runtime/serializer/versioning
  - 1.4/pkg/security/apparmor
  - 1.4/pkg/selection
  - 1.4/pkg/third_party/forked/golang/reflect
  - 1.4/pkg/types
  - 1.4/pkg/util
  - 1.4/pkg/util/clock
  - 1.4/pkg/util/config
  - 1.4/pkg/util/crypto
  - 1.4/pkg/util/errors
  - 1.4/pkg/util/flowcontrol
  - 1.4/pkg/util/framer
  - 1.4/pkg/util/hash
  - 1.4/pkg/util/homedir
  - 1.4/pkg/util/integer
  - 1.4/pkg/util/intstr
  - 1.4/pkg/util/json
  - 1.4/pkg/util/labels
  - 1.4/pkg/util/net
  - 1.4/pkg/util/net/sets
  - 1.4/pkg/util/parsers
  - 1.4/pkg/util/rand
  - 1.4/pkg/util/runtime
  - 1.4/pkg/util/sets
  - 1.4/pkg/util/uuid
  - 1.4/pkg/util/validation
  - 1.4/pkg/util/validation/field
  - 1.4/pkg/util/wait
  - 1.4/pkg/util/yaml
  - 1.4/pkg/version
  - 1.4/pkg/watch
  - 1.4/pkg/watch/versioned
  - 1.4/rest
  - 1.4/tools/auth
  - 1.4/tools/clientcmd
  - 1.4/tools/clientcmd/api
  - 1.4/tools/clientcmd/api/latest
  - 1.4/tools/clientcmd/api/v1
  - 1.4/tools/metrics
  - 1.4/transport
- name: k8s.io/helm
  version: 1119fdd54d9f810e0d09deefc3084f7743b26657
  subpackages:
  - pkg/chartutil
  - pkg/ignore
  - pkg/proto/hapi/chart
  - pkg/proto/hapi/release
  - pkg/proto/hapi/services
testImports: []
